
Microsoft Visual Studio Solution File, Format Version 12.00
# Visual Studio Version 17
VisualStudioVersion = 17.6.33723.286
MinimumVisualStudioVersion = 10.0.40219.1
Project("{FAE04EC0-301F-11D3-BF4B-00C04F79EFBC}") = "EndlessMenu", "EndlessMenu\EndlessMenu.csproj", "{C435EF15-7567-4F57-9149-43AE87AF6B3E}"
EndProject
Global
	GlobalSection(SolutionConfigurationPlatforms) = preSolution
		Debug|Any CPU = Debug|Any CPU
		Release|Any CPU = Release|Any CPU
	EndGlobalSection
	GlobalSection(ProjectConfigurationPlatforms) = postSolution
		{C435EF15-7567-4F57-9149-43AE87AF6B3E}.Debug|Any CPU.ActiveCfg = Debug|Any CPU
		{C435EF15-7567-4F57-9149-43AE87AF6B3E}.Debug|Any CPU.Build.0 = Debug|Any CPU
		{C435EF15-7567-4F57-9149-43AE87AF6B3E}.Release|Any CPU.ActiveCfg = Release|Any CPU
		{C435EF15-7567-4F57-9149-43AE87AF6B3E}.Release|Any CPU.Build.0 = Release|Any CPU
	EndGlobalSection
	GlobalSection(SolutionProperties) = preSolution
		HideSolutionNode = FALSE
	EndGlobalSection
	GlobalSection(ExtensibilityGlobals) = postSolution
		SolutionGuid = {6101E473-7479-4DBA-B8CC-6FFE172083F3}
	EndGlobalSection
EndGlobal
